
Microsoft Visual Studio Solution File, Format Version 12.00
# Visual Studio Version 17
VisualStudioVersion = 17.8.34330.188
MinimumVisualStudioVersion = 15.0.26124.0
Project("{9A19103F-16F7-4668-BE54-9A1E7A4F7556}") = "Lidarr.Plugin.Qobuz", "Lidarr.Plugin.Qobuz\Lidarr.Plugin.Qobuz.csproj", "{03AEA254-BEB0-4848-891E-3F8F9DDD3F56}"
EndProject
Project("{2150E333-8FDC-42A3-9474-1A3956D46DE8}") = "Solution Items", "Solution Items", "{26D0C62E-1003-46DB-A2E0-3DF7D75BCAA1}"
EndProject
Project("{911E67C6-3D85-4FCE-B560-20A9C3E3FF48}") = "Lidarr.Console", "..\..\Lidarr\_artifacts\win-x64\net6.0\Lidarr\Lidarr.Console.exe", "{04F6B3DE-C567-4323-B451-23F19F9D1E44}"
	ProjectSection(DebuggerProjectSystem) = preProject
		PortSupplier = 00000000-0000-0000-0000-000000000000
		Executable = X:\Projects\GitHub\Lidarr\_artifacts\win-x64\net6.0\Lidarr\Lidarr.Console.exe
		RemoteMachine = DESKTOP-V8L78GV
		StartingDirectory = X:\Projects\GitHub\Lidarr\_artifacts\win-x64\net6.0\Lidarr
		Environment = Default
		LaunchingEngine = 00000000-0000-0000-0000-000000000000
		UseLegacyDebugEngines = No
		LaunchSQLEngine = No
		AttachLaunchAction = No
		IORedirection = Auto
	EndProjectSection
EndProject
Project("{2150E333-8FDC-42A3-9474-1A3956D46DE8}") = "External", "External", "{B44470AD-7D70-4D86-BCD8-8D5E6EE45853}"
EndProject
Project("{FAE04EC0-301F-11D3-BF4B-00C04F79EFBC}") = "Lidarr.Common", "..\ext\Lidarr\src\NzbDrone.Common\Lidarr.Common.csproj", "{B0A441DE-B093-4B56-A8AD-50B5D977E6E7}"
EndProject
Project("{FAE04EC0-301F-11D3-BF4B-00C04F79EFBC}") = "Lidarr.Core", "..\ext\Lidarr\src\NzbDrone.Core\Lidarr.Core.csproj", "{6FCE4F3A-DEF3-4E81-B62D-2C300B9D606C}"
EndProject
Project("{FAE04EC0-301F-11D3-BF4B-00C04F79EFBC}") = "QobuzApiSharp", "..\ext\QobuzApiSharp\QobuzApiSharp\QobuzApiSharp.csproj", "{D1B3BBA1-AF90-41F1-B61E-C19A578817CC}"
EndProject
Project("{FAE04EC0-301F-11D3-BF4B-00C04F79EFBC}") = "Lidarr.Plugin.Qobuz.Tests", "Lidarr.Plugin.Qobuz.Tests\Lidarr.Plugin.Qobuz.Tests.csproj", "{0D10A446-81AD-4B0B-8D06-A5EA1EE96E5F}"
EndProject
Global
	GlobalSection(SolutionConfigurationPlatforms) = preSolution
		Debug|Any CPU = Debug|Any CPU
		Debug|x64 = Debug|x64
		Debug|x86 = Debug|x86
		Release|Any CPU = Release|Any CPU
		Release|x64 = Release|x64
		Release|x86 = Release|x86
	EndGlobalSection
	GlobalSection(ProjectConfigurationPlatforms) = postSolution
		{03AEA254-BEB0-4848-891E-3F8F9DDD3F56}.Debug|Any CPU.ActiveCfg = Debug|Any CPU
		{03AEA254-BEB0-4848-891E-3F8F9DDD3F56}.Debug|Any CPU.Build.0 = Debug|Any CPU
		{03AEA254-BEB0-4848-891E-3F8F9DDD3F56}.Debug|x64.ActiveCfg = Debug|Any CPU
		{03AEA254-BEB0-4848-891E-3F8F9DDD3F56}.Debug|x64.Build.0 = Debug|Any CPU
		{03AEA254-BEB0-4848-891E-3F8F9DDD3F56}.Debug|x86.ActiveCfg = Debug|Any CPU
		{03AEA254-BEB0-4848-891E-3F8F9DDD3F56}.Debug|x86.Build.0 = Debug|Any CPU
		{03AEA254-BEB0-4848-891E-3F8F9DDD3F56}.Release|Any CPU.ActiveCfg = Release|Any CPU
		{03AEA254-BEB0-4848-891E-3F8F9DDD3F56}.Release|Any CPU.Build.0 = Release|Any CPU
		{03AEA254-BEB0-4848-891E-3F8F9DDD3F56}.Release|x64.ActiveCfg = Release|Any CPU
		{03AEA254-BEB0-4848-891E-3F8F9DDD3F56}.Release|x64.Build.0 = Release|Any CPU
		{03AEA254-BEB0-4848-891E-3F8F9DDD3F56}.Release|x86.ActiveCfg = Release|Any CPU
		{03AEA254-BEB0-4848-891E-3F8F9DDD3F56}.Release|x86.Build.0 = Release|Any CPU
		{04F6B3DE-C567-4323-B451-23F19F9D1E44}.Debug|Any CPU.ActiveCfg = Release|x64
		{04F6B3DE-C567-4323-B451-23F19F9D1E44}.Debug|x64.ActiveCfg = Release|x64
		{04F6B3DE-C567-4323-B451-23F19F9D1E44}.Debug|x86.ActiveCfg = Release|x64
		{04F6B3DE-C567-4323-B451-23F19F9D1E44}.Release|Any CPU.ActiveCfg = Release|x64
		{04F6B3DE-C567-4323-B451-23F19F9D1E44}.Release|x64.ActiveCfg = Release|x64
		{04F6B3DE-C567-4323-B451-23F19F9D1E44}.Release|x86.ActiveCfg = Release|x64
		{B0A441DE-B093-4B56-A8AD-50B5D977E6E7}.Debug|Any CPU.ActiveCfg = Debug|Any CPU
		{B0A441DE-B093-4B56-A8AD-50B5D977E6E7}.Debug|Any CPU.Build.0 = Debug|Any CPU
		{B0A441DE-B093-4B56-A8AD-50B5D977E6E7}.Debug|x64.ActiveCfg = Debug|Any CPU
		{B0A441DE-B093-4B56-A8AD-50B5D977E6E7}.Debug|x64.Build.0 = Debug|Any CPU
		{B0A441DE-B093-4B56-A8AD-50B5D977E6E7}.Debug|x86.ActiveCfg = Debug|Any CPU
		{B0A441DE-B093-4B56-A8AD-50B5D977E6E7}.Debug|x86.Build.0 = Debug|Any CPU
		{B0A441DE-B093-4B56-A8AD-50B5D977E6E7}.Release|Any CPU.ActiveCfg = Release|Any CPU
		{B0A441DE-B093-4B56-A8AD-50B5D977E6E7}.Release|Any CPU.Build.0 = Release|Any CPU
		{B0A441DE-B093-4B56-A8AD-50B5D977E6E7}.Release|x64.ActiveCfg = Release|Any CPU
		{B0A441DE-B093-4B56-A8AD-50B5D977E6E7}.Release|x64.Build.0 = Release|Any CPU
		{B0A441DE-B093-4B56-A8AD-50B5D977E6E7}.Release|x86.ActiveCfg = Release|Any CPU
		{B0A441DE-B093-4B56-A8AD-50B5D977E6E7}.Release|x86.Build.0 = Release|Any CPU
		{6FCE4F3A-DEF3-4E81-B62D-2C300B9D606C}.Debug|Any CPU.ActiveCfg = Debug|Any CPU
		{6FCE4F3A-DEF3-4E81-B62D-2C300B9D606C}.Debug|Any CPU.Build.0 = Debug|Any CPU
		{6FCE4F3A-DEF3-4E81-B62D-2C300B9D606C}.Debug|x64.ActiveCfg = Debug|Any CPU
		{6FCE4F3A-DEF3-4E81-B62D-2C300B9D606C}.Debug|x64.Build.0 = Debug|Any CPU
		{6FCE4F3A-DEF3-4E81-B62D-2C300B9D606C}.Debug|x86.ActiveCfg = Debug|Any CPU
		{6FCE4F3A-DEF3-4E81-B62D-2C300B9D606C}.Debug|x86.Build.0 = Debug|Any CPU
		{6FCE4F3A-DEF3-4E81-B62D-2C300B9D606C}.Release|Any CPU.ActiveCfg = Release|Any CPU
		{6FCE4F3A-DEF3-4E81-B62D-2C300B9D606C}.Release|Any CPU.Build.0 = Release|Any CPU
		{6FCE4F3A-DEF3-4E81-B62D-2C300B9D606C}.Release|x64.ActiveCfg = Release|Any CPU
		{6FCE4F3A-DEF3-4E81-B62D-2C300B9D606C}.Release|x64.Build.0 = Release|Any CPU
		{6FCE4F3A-DEF3-4E81-B62D-2C300B9D606C}.Release|x86.ActiveCfg = Release|Any CPU
		{6FCE4F3A-DEF3-4E81-B62D-2C300B9D606C}.Release|x86.Build.0 = Release|Any CPU
		{D1B3BBA1-AF90-41F1-B61E-C19A578817CC}.Debug|Any CPU.ActiveCfg = Debug|Any CPU
		{D1B3BBA1-AF90-41F1-B61E-C19A578817CC}.Debug|Any CPU.Build.0 = Debug|Any CPU
		{D1B3BBA1-AF90-41F1-B61E-C19A578817CC}.Debug|x64.ActiveCfg = Debug|Any CPU
		{D1B3BBA1-AF90-41F1-B61E-C19A578817CC}.Debug|x64.Build.0 = Debug|Any CPU
		{D1B3BBA1-AF90-41F1-B61E-C19A578817CC}.Debug|x86.ActiveCfg = Debug|Any CPU
		{D1B3BBA1-AF90-41F1-B61E-C19A578817CC}.Debug|x86.Build.0 = Debug|Any CPU
		{D1B3BBA1-AF90-41F1-B61E-C19A578817CC}.Release|Any CPU.ActiveCfg = Release|Any CPU
		{D1B3BBA1-AF90-41F1-B61E-C19A578817CC}.Release|Any CPU.Build.0 = Release|Any CPU
		{D1B3BBA1-AF90-41F1-B61E-C19A578817CC}.Release|x64.ActiveCfg = Release|Any CPU
		{D1B3BBA1-AF90-41F1-B61E-C19A578817CC}.Release|x64.Build.0 = Release|Any CPU
		{D1B3BBA1-AF90-41F1-B61E-C19A578817CC}.Release|x86.ActiveCfg = Release|Any CPU
		{D1B3BBA1-AF90-41F1-B61E-C19A578817CC}.Release|x86.Build.0 = Release|Any CPU
		{0D10A446-81AD-4B0B-8D06-A5EA1EE96E5F}.Debug|Any CPU.ActiveCfg = Debug|Any CPU
		{0D10A446-81AD-4B0B-8D06-A5EA1EE96E5F}.Debug|Any CPU.Build.0 = Debug|Any CPU
		{0D10A446-81AD-4B0B-8D06-A5EA1EE96E5F}.Debug|x64.ActiveCfg = Debug|Any CPU
		{0D10A446-81AD-4B0B-8D06-A5EA1EE96E5F}.Debug|x64.Build.0 = Debug|Any CPU
		{0D10A446-81AD-4B0B-8D06-A5EA1EE96E5F}.Debug|x86.ActiveCfg = Debug|Any CPU
		{0D10A446-81AD-4B0B-8D06-A5EA1EE96E5F}.Debug|x86.Build.0 = Debug|Any CPU
		{0D10A446-81AD-4B0B-8D06-A5EA1EE96E5F}.Release|Any CPU.ActiveCfg = Release|Any CPU
		{0D10A446-81AD-4B0B-8D06-A5EA1EE96E5F}.Release|Any CPU.Build.0 = Release|Any CPU
		{0D10A446-81AD-4B0B-8D06-A5EA1EE96E5F}.Release|x64.ActiveCfg = Release|Any CPU
		{0D10A446-81AD-4B0B-8D06-A5EA1EE96E5F}.Release|x64.Build.0 = Release|Any CPU
		{0D10A446-81AD-4B0B-8D06-A5EA1EE96E5F}.Release|x86.ActiveCfg = Release|Any CPU
		{0D10A446-81AD-4B0B-8D06-A5EA1EE96E5F}.Release|x86.Build.0 = Release|Any CPU
	EndGlobalSection
	GlobalSection(SolutionProperties) = preSolution
		HideSolutionNode = FALSE
	EndGlobalSection
	GlobalSection(NestedProjects) = preSolution
		{B0A441DE-B093-4B56-A8AD-50B5D977E6E7} = {B44470AD-7D70-4D86-BCD8-8D5E6EE45853}
		{6FCE4F3A-DEF3-4E81-B62D-2C300B9D606C} = {B44470AD-7D70-4D86-BCD8-8D5E6EE45853}
	EndGlobalSection
	GlobalSection(ExtensibilityGlobals) = postSolution
		SolutionGuid = {FF22661A-52F8-41F4-B1D4-085AF586545F}
	EndGlobalSection
EndGlobal
